
Microsoft Visual Studio Solution File, Format Version 12.00
# Visual Studio Version 17
VisualStudioVersion = 17.3.32929.385
MinimumVisualStudioVersion = 10.0.40219.1
Project("{9A19103F-16F7-4668-BE54-9A1E7A4F7556}") = "Aufgabe_3", "Aufgabe_3\Aufgabe_3.csproj", "{F0EDD80B-09A9-4E56-82BE-266691C0F8ED}"
EndProject
Project("{9A19103F-16F7-4668-BE54-9A1E7A4F7556}") = "Aufgabe_1", "Aufgabe_1\Aufgabe_1.csproj", "{2C08BD0E-7A3B-4AA8-8E0F-C9D38E7B2420}"
EndProject
Project("{9A19103F-16F7-4668-BE54-9A1E7A4F7556}") = "Aufgabe_2", "Aufgabe_2\Aufgabe_2.csproj", "{BDE72390-05A2-4C4A-9D85-05F3AFEB0D80}"
EndProject
Project("{FAE04EC0-301F-11D3-BF4B-00C04F79EFBC}") = "Aufgabe_4", "Aufgabe_4\Aufgabe_4.csproj", "{F3748C03-2359-4CAA-A008-0E069C5E1A4B}"
EndProject
Global
	GlobalSection(SolutionConfigurationPlatforms) = preSolution
		Debug|Any CPU = Debug|Any CPU
		Release|Any CPU = Release|Any CPU
	EndGlobalSection
	GlobalSection(ProjectConfigurationPlatforms) = postSolution
		{F0EDD80B-09A9-4E56-82BE-266691C0F8ED}.Debug|Any CPU.ActiveCfg = Debug|Any CPU
		{F0EDD80B-09A9-4E56-82BE-266691C0F8ED}.Debug|Any CPU.Build.0 = Debug|Any CPU
		{F0EDD80B-09A9-4E56-82BE-266691C0F8ED}.Release|Any CPU.ActiveCfg = Release|Any CPU
		{F0EDD80B-09A9-4E56-82BE-266691C0F8ED}.Release|Any CPU.Build.0 = Release|Any CPU
		{2C08BD0E-7A3B-4AA8-8E0F-C9D38E7B2420}.Debug|Any CPU.ActiveCfg = Debug|Any CPU
		{2C08BD0E-7A3B-4AA8-8E0F-C9D38E7B2420}.Debug|Any CPU.Build.0 = Debug|Any CPU
		{2C08BD0E-7A3B-4AA8-8E0F-C9D38E7B2420}.Release|Any CPU.ActiveCfg = Release|Any CPU
		{2C08BD0E-7A3B-4AA8-8E0F-C9D38E7B2420}.Release|Any CPU.Build.0 = Release|Any CPU
		{BDE72390-05A2-4C4A-9D85-05F3AFEB0D80}.Debug|Any CPU.ActiveCfg = Debug|Any CPU
		{BDE72390-05A2-4C4A-9D85-05F3AFEB0D80}.Debug|Any CPU.Build.0 = Debug|Any CPU
		{BDE72390-05A2-4C4A-9D85-05F3AFEB0D80}.Release|Any CPU.ActiveCfg = Release|Any CPU
		{BDE72390-05A2-4C4A-9D85-05F3AFEB0D80}.Release|Any CPU.Build.0 = Release|Any CPU
		{F3748C03-2359-4CAA-A008-0E069C5E1A4B}.Debug|Any CPU.ActiveCfg = Debug|Any CPU
		{F3748C03-2359-4CAA-A008-0E069C5E1A4B}.Debug|Any CPU.Build.0 = Debug|Any CPU
		{F3748C03-2359-4CAA-A008-0E069C5E1A4B}.Release|Any CPU.ActiveCfg = Release|Any CPU
		{F3748C03-2359-4CAA-A008-0E069C5E1A4B}.Release|Any CPU.Build.0 = Release|Any CPU
	EndGlobalSection
	GlobalSection(SolutionProperties) = preSolution
		HideSolutionNode = FALSE
	EndGlobalSection
	GlobalSection(ExtensibilityGlobals) = postSolution
		SolutionGuid = {C1E379DF-DB72-4500-BC65-867CC1687280}
	EndGlobalSection
EndGlobal
